
Microsoft Visual Studio Solution File, Format Version 12.00
# Visual Studio Version 16
VisualStudioVersion = 16.0.29806.167
MinimumVisualStudioVersion = 10.0.40219.1
Project("{FAE04EC0-301F-11D3-BF4B-00C04F79EFBC}") = "FilmRecomendation.Android", "FilmRecomendation\FilmRecomendation.Android\FilmRecomendation.Android.csproj", "{FAC8E6CC-6F07-407A-BC0B-41B8EC506A65}"
EndProject
Project("{FAE04EC0-301F-11D3-BF4B-00C04F79EFBC}") = "FilmRecomendation.iOS", "FilmRecomendation\FilmRecomendation.iOS\FilmRecomendation.iOS.csproj", "{F19D9656-12C1-4912-8CB4-568A3BF153D8}"
EndProject
Project("{FAE04EC0-301F-11D3-BF4B-00C04F79EFBC}") = "FilmRecomendation", "FilmRecomendation\FilmRecomendation\FilmRecomendation.csproj", "{28C56535-B99F-467E-992A-322447BD0EEB}"
EndProject
Global
	GlobalSection(SolutionConfigurationPlatforms) = preSolution
		Debug|Any CPU = Debug|Any CPU
		Debug|iPhone = Debug|iPhone
		Debug|iPhoneSimulator = Debug|iPhoneSimulator
		Release|Any CPU = Release|Any CPU
		Release|iPhone = Release|iPhone
		Release|iPhoneSimulator = Release|iPhoneSimulator
	EndGlobalSection
	GlobalSection(ProjectConfigurationPlatforms) = postSolution
		{FAC8E6CC-6F07-407A-BC0B-41B8EC506A65}.Debug|Any CPU.ActiveCfg = Debug|Any CPU
		{FAC8E6CC-6F07-407A-BC0B-41B8EC506A65}.Debug|Any CPU.Build.0 = Debug|Any CPU
		{FAC8E6CC-6F07-407A-BC0B-41B8EC506A65}.Debug|Any CPU.Deploy.0 = Debug|Any CPU
		{FAC8E6CC-6F07-407A-BC0B-41B8EC506A65}.Debug|iPhone.ActiveCfg = Debug|Any CPU
		{FAC8E6CC-6F07-407A-BC0B-41B8EC506A65}.Debug|iPhone.Build.0 = Debug|Any CPU
		{FAC8E6CC-6F07-407A-BC0B-41B8EC506A65}.Debug|iPhone.Deploy.0 = Debug|Any CPU
		{FAC8E6CC-6F07-407A-BC0B-41B8EC506A65}.Debug|iPhoneSimulator.ActiveCfg = Debug|Any CPU
		{FAC8E6CC-6F07-407A-BC0B-41B8EC506A65}.Debug|iPhoneSimulator.Build.0 = Debug|Any CPU
		{FAC8E6CC-6F07-407A-BC0B-41B8EC506A65}.Debug|iPhoneSimulator.Deploy.0 = Debug|Any CPU
		{FAC8E6CC-6F07-407A-BC0B-41B8EC506A65}.Release|Any CPU.ActiveCfg = Release|Any CPU
		{FAC8E6CC-6F07-407A-BC0B-41B8EC506A65}.Release|Any CPU.Build.0 = Release|Any CPU
		{FAC8E6CC-6F07-407A-BC0B-41B8EC506A65}.Release|Any CPU.Deploy.0 = Release|Any CPU
		{FAC8E6CC-6F07-407A-BC0B-41B8EC506A65}.Release|iPhone.ActiveCfg = Release|Any CPU
		{FAC8E6CC-6F07-407A-BC0B-41B8EC506A65}.Release|iPhone.Build.0 = Release|Any CPU
		{FAC8E6CC-6F07-407A-BC0B-41B8EC506A65}.Release|iPhone.Deploy.0 = Release|Any CPU
		{FAC8E6CC-6F07-407A-BC0B-41B8EC506A65}.Release|iPhoneSimulator.ActiveCfg = Release|Any CPU
		{FAC8E6CC-6F07-407A-BC0B-41B8EC506A65}.Release|iPhoneSimulator.Build.0 = Release|Any CPU
		{FAC8E6CC-6F07-407A-BC0B-41B8EC506A65}.Release|iPhoneSimulator.Deploy.0 = Release|Any CPU
		{F19D9656-12C1-4912-8CB4-568A3BF153D8}.Debug|Any CPU.ActiveCfg = Debug|iPhoneSimulator
		{F19D9656-12C1-4912-8CB4-568A3BF153D8}.Debug|Any CPU.Build.0 = Debug|iPhoneSimulator
		{F19D9656-12C1-4912-8CB4-568A3BF153D8}.Debug|Any CPU.Deploy.0 = Debug|iPhoneSimulator
		{F19D9656-12C1-4912-8CB4-568A3BF153D8}.Debug|iPhone.ActiveCfg = Debug|iPhone
		{F19D9656-12C1-4912-8CB4-568A3BF153D8}.Debug|iPhone.Build.0 = Debug|iPhone
		{F19D9656-12C1-4912-8CB4-568A3BF153D8}.Debug|iPhone.Deploy.0 = Debug|iPhone
		{F19D9656-12C1-4912-8CB4-568A3BF153D8}.Debug|iPhoneSimulator.ActiveCfg = Debug|iPhoneSimulator
		{F19D9656-12C1-4912-8CB4-568A3BF153D8}.Debug|iPhoneSimulator.Build.0 = Debug|iPhoneSimulator
		{F19D9656-12C1-4912-8CB4-568A3BF153D8}.Debug|iPhoneSimulator.Deploy.0 = Debug|iPhoneSimulator
		{F19D9656-12C1-4912-8CB4-568A3BF153D8}.Release|Any CPU.ActiveCfg = Release|iPhone
		{F19D9656-12C1-4912-8CB4-568A3BF153D8}.Release|Any CPU.Build.0 = Release|iPhone
		{F19D9656-12C1-4912-8CB4-568A3BF153D8}.Release|Any CPU.Deploy.0 = Release|iPhone
		{F19D9656-12C1-4912-8CB4-568A3BF153D8}.Release|iPhone.ActiveCfg = Release|iPhone
		{F19D9656-12C1-4912-8CB4-568A3BF153D8}.Release|iPhone.Build.0 = Release|iPhone
		{F19D9656-12C1-4912-8CB4-568A3BF153D8}.Release|iPhone.Deploy.0 = Release|iPhone
		{F19D9656-12C1-4912-8CB4-568A3BF153D8}.Release|iPhoneSimulator.ActiveCfg = Release|iPhoneSimulator
		{F19D9656-12C1-4912-8CB4-568A3BF153D8}.Release|iPhoneSimulator.Build.0 = Release|iPhoneSimulator
		{F19D9656-12C1-4912-8CB4-568A3BF153D8}.Release|iPhoneSimulator.Deploy.0 = Release|iPhoneSimulator
		{28C56535-B99F-467E-992A-322447BD0EEB}.Debug|Any CPU.ActiveCfg = Debug|Any CPU
		{28C56535-B99F-467E-992A-322447BD0EEB}.Debug|Any CPU.Build.0 = Debug|Any CPU
		{28C56535-B99F-467E-992A-322447BD0EEB}.Debug|Any CPU.Deploy.0 = Debug|Any CPU
		{28C56535-B99F-467E-992A-322447BD0EEB}.Debug|iPhone.ActiveCfg = Debug|Any CPU
		{28C56535-B99F-467E-992A-322447BD0EEB}.Debug|iPhone.Build.0 = Debug|Any CPU
		{28C56535-B99F-467E-992A-322447BD0EEB}.Debug|iPhone.Deploy.0 = Debug|Any CPU
		{28C56535-B99F-467E-992A-322447BD0EEB}.Debug|iPhoneSimulator.ActiveCfg = Debug|Any CPU
		{28C56535-B99F-467E-992A-322447BD0EEB}.Debug|iPhoneSimulator.Build.0 = Debug|Any CPU
		{28C56535-B99F-467E-992A-322447BD0EEB}.Debug|iPhoneSimulator.Deploy.0 = Debug|Any CPU
		{28C56535-B99F-467E-992A-322447BD0EEB}.Release|Any CPU.ActiveCfg = Release|Any CPU
		{28C56535-B99F-467E-992A-322447BD0EEB}.Release|Any CPU.Build.0 = Release|Any CPU
		{28C56535-B99F-467E-992A-322447BD0EEB}.Release|Any CPU.Deploy.0 = Release|Any CPU
		{28C56535-B99F-467E-992A-322447BD0EEB}.Release|iPhone.ActiveCfg = Release|Any CPU
		{28C56535-B99F-467E-992A-322447BD0EEB}.Release|iPhone.Build.0 = Release|Any CPU
		{28C56535-B99F-467E-992A-322447BD0EEB}.Release|iPhone.Deploy.0 = Release|Any CPU
		{28C56535-B99F-467E-992A-322447BD0EEB}.Release|iPhoneSimulator.ActiveCfg = Release|Any CPU
		{28C56535-B99F-467E-992A-322447BD0EEB}.Release|iPhoneSimulator.Build.0 = Release|Any CPU
		{28C56535-B99F-467E-992A-322447BD0EEB}.Release|iPhoneSimulator.Deploy.0 = Release|Any CPU
	EndGlobalSection
	GlobalSection(SolutionProperties) = preSolution
		HideSolutionNode = FALSE
	EndGlobalSection
	GlobalSection(ExtensibilityGlobals) = postSolution
		SolutionGuid = {AD320C2F-87F2-43AF-AB8B-49A5172969D7}
	EndGlobalSection
EndGlobal
